
Microsoft Visual Studio Solution File, Format Version 12.00
# Visual Studio Version 16
VisualStudioVersion = 16.0.30611.23
MinimumVisualStudioVersion = 10.0.40219.1
Project("{FAE04EC0-301F-11D3-BF4B-00C04F79EFBC}") = "Projeto_ProcessoAgil", "Projeto_ProcessoAgil\Projeto_ProcessoAgil.csproj", "{946B82A4-4799-4421-B9AB-6A5619C8128B}"
EndProject
Global
	GlobalSection(SolutionConfigurationPlatforms) = preSolution
		Debug|Any CPU = Debug|Any CPU
		Release|Any CPU = Release|Any CPU
	EndGlobalSection
	GlobalSection(ProjectConfigurationPlatforms) = postSolution
		{946B82A4-4799-4421-B9AB-6A5619C8128B}.Debug|Any CPU.ActiveCfg = Debug|Any CPU
		{946B82A4-4799-4421-B9AB-6A5619C8128B}.Debug|Any CPU.Build.0 = Debug|Any CPU
		{946B82A4-4799-4421-B9AB-6A5619C8128B}.Release|Any CPU.ActiveCfg = Release|Any CPU
		{946B82A4-4799-4421-B9AB-6A5619C8128B}.Release|Any CPU.Build.0 = Release|Any CPU
	EndGlobalSection
	GlobalSection(SolutionProperties) = preSolution
		HideSolutionNode = FALSE
	EndGlobalSection
	GlobalSection(ExtensibilityGlobals) = postSolution
		SolutionGuid = {9E0DEB29-C4C2-4AE3-91EA-14F0B49A222A}
	EndGlobalSection
EndGlobal
